
Microsoft Visual Studio Solution File, Format Version 12.00
# Visual Studio 15
VisualStudioVersion = 15.0.27428.2043
MinimumVisualStudioVersion = 10.0.40219.1
Project("{9A19103F-16F7-4668-BE54-9A1E7A4F7556}") = "Dev.Util", "Dev.Util\Dev.Util.csproj", "{AC1CF182-CBE4-49D1-930A-536F6D3DBFEA}"
EndProject
Project("{9A19103F-16F7-4668-BE54-9A1E7A4F7556}") = "Dev.Util.Test", "Dev.Util.Test\Dev.Util.Test.csproj", "{BD22E9FE-3E86-4691-837B-108350782658}"
EndProject
Global
	GlobalSection(SolutionConfigurationPlatforms) = preSolution
		Debug|Any CPU = Debug|Any CPU
		Release|Any CPU = Release|Any CPU
	EndGlobalSection
	GlobalSection(ProjectConfigurationPlatforms) = postSolution
		{AC1CF182-CBE4-49D1-930A-536F6D3DBFEA}.Debug|Any CPU.ActiveCfg = Debug|Any CPU
		{AC1CF182-CBE4-49D1-930A-536F6D3DBFEA}.Debug|Any CPU.Build.0 = Debug|Any CPU
		{AC1CF182-CBE4-49D1-930A-536F6D3DBFEA}.Release|Any CPU.ActiveCfg = Release|Any CPU
		{AC1CF182-CBE4-49D1-930A-536F6D3DBFEA}.Release|Any CPU.Build.0 = Release|Any CPU
		{BD22E9FE-3E86-4691-837B-108350782658}.Debug|Any CPU.ActiveCfg = Debug|Any CPU
		{BD22E9FE-3E86-4691-837B-108350782658}.Debug|Any CPU.Build.0 = Debug|Any CPU
		{BD22E9FE-3E86-4691-837B-108350782658}.Release|Any CPU.ActiveCfg = Release|Any CPU
		{BD22E9FE-3E86-4691-837B-108350782658}.Release|Any CPU.Build.0 = Release|Any CPU
	EndGlobalSection
	GlobalSection(SolutionProperties) = preSolution
		HideSolutionNode = FALSE
	EndGlobalSection
	GlobalSection(ExtensibilityGlobals) = postSolution
		SolutionGuid = {C15F0299-38FC-4657-AA09-84476B28388C}
	EndGlobalSection
EndGlobal
